
Microsoft Visual Studio Solution File, Format Version 12.00
# Visual Studio Version 16
VisualStudioVersion = 16.0.30804.86
MinimumVisualStudioVersion = 10.0.40219.1
Project("{FAE04EC0-301F-11D3-BF4B-00C04F79EFBC}") = "ASP.Net_core_WebApi", "ASP.Net_core_WebApi\ASP.Net_core_WebApi.csproj", "{EADB99F0-CF22-4F45-AA77-B5115652D659}"
EndProject
Global
	GlobalSection(SolutionConfigurationPlatforms) = preSolution
		Debug|Any CPU = Debug|Any CPU
		Release|Any CPU = Release|Any CPU
	EndGlobalSection
	GlobalSection(ProjectConfigurationPlatforms) = postSolution
		{EADB99F0-CF22-4F45-AA77-B5115652D659}.Debug|Any CPU.ActiveCfg = Debug|Any CPU
		{EADB99F0-CF22-4F45-AA77-B5115652D659}.Debug|Any CPU.Build.0 = Debug|Any CPU
		{EADB99F0-CF22-4F45-AA77-B5115652D659}.Release|Any CPU.ActiveCfg = Release|Any CPU
		{EADB99F0-CF22-4F45-AA77-B5115652D659}.Release|Any CPU.Build.0 = Release|Any CPU
	EndGlobalSection
	GlobalSection(SolutionProperties) = preSolution
		HideSolutionNode = FALSE
	EndGlobalSection
	GlobalSection(ExtensibilityGlobals) = postSolution
		SolutionGuid = {B3517925-CDCF-448F-A49E-BC98EFEAA6DF}
	EndGlobalSection
EndGlobal
